# @generated - this file is auto-generated by `mise lock` https://mise.en.dev/dev-tools/mise-lock.html

[[tools."go:github.com/Antonboom/testifylint"]]
version = "1.6.4"
backend = "go:github.com/Antonboom/testifylint"

[[tools."go:github.com/KyleKing/djot-fmt"]]
version = "0.0.0-20260601221519-8e69d6588d95"
backend = "go:github.com/KyleKing/djot-fmt"

[[tools."go:github.com/a-h/templ/cmd/templ"]]
version = "0.3.1020"
backend = "go:github.com/a-h/templ/cmd/templ"

[[tools."go:github.com/tdewolff/minify/v2/cmd/minify"]]
version = "2.24.13"
backend = "go:github.com/tdewolff/minify/v2/cmd/minify"

[[tools."npm:@biomejs/biome"]]
version = "2.4.16"
backend = "npm:@biomejs/biome"

[[tools."npm:pagefind"]]
version = "1.5.2"
backend = "npm:pagefind"

[[tools."pipx:commitizen"]]
version = "4.16.3"
backend = "pipx:commitizen"

[[tools."pipx:optimize-images"]]
version = "2.0.0"
backend = "pipx:optimize-images"

[[tools.python]]
version = "3.13.12"
backend = "core:python"

[tools.python."platforms.macos-arm64"]
checksum = "blake3:bb8e3ad4827e8079326073cef7742a7e87904cff38f955455203dd3409efa5eb"
url = "https://github.com/astral-sh/python-build-standalone/releases/download/20260324/cpython-3.13.12+20260324-aarch64-apple-darwin-install_only_stripped.tar.gz"
provenance = "github-attestations"

[[tools.taplo]]
version = "0.10.0"
backend = "aqua:tamasfe/taplo"

[tools.taplo."platforms.macos-arm64"]
checksum = "blake3:353ecb1ed7d279dec5e2fd388d292ef97db08a651405fa664ffec1b2896c05f0"
url = "https://github.com/tamasfe/taplo/releases/download/0.10.0/taplo-darwin-aarch64.gz"
