[[tools."go:github.com/Antonboom/testifylint"]]
version = "1.6.4"
backend = "go:github.com/Antonboom/testifylint"

[[tools."go:github.com/a-h/templ/cmd/templ"]]
version = "0.3.943"
backend = "go:github.com/a-h/templ/cmd/templ"

[[tools."go:github.com/tdewolff/minify/v2/cmd/minify"]]
version = "2.24.3"
backend = "go:github.com/tdewolff/minify/v2/cmd/minify"

[[tools."npm:pagefind"]]
version = "1.4.0"
backend = "npm:pagefind"

[[tools."pipx:optimize-images"]]
version = "1.5.1"
backend = "pipx:optimize-images"
