[[tools."go:github.com/Antonboom/testifylint"]]
version = "1.6.4"
backend = "go:github.com/Antonboom/testifylint"

[[tools."go:github.com/a-h/templ/cmd/templ"]]
version = "0.3.977"
backend = "go:github.com/a-h/templ/cmd/templ"

[[tools."go:github.com/tdewolff/minify/v2/cmd/minify"]]
version = "2.24.8"
backend = "go:github.com/tdewolff/minify/v2/cmd/minify"

[[tools."npm:pagefind"]]
version = "1.5.0-beta.1"
backend = "npm:pagefind"

[[tools."pipx:commitizen"]]
version = "4.13.0"
backend = "pipx:commitizen"

[[tools."pipx:optimize-images"]]
version = "1.5.1"
backend = "pipx:optimize-images"

[[tools.python]]
version = "3.13.11"
backend = "core:python"

[[tools.taplo]]
version = "0.10.0"
backend = "aqua:tamasfe/taplo"
"platforms.macos-arm64" = { checksum = "blake3:353ecb1ed7d279dec5e2fd388d292ef97db08a651405fa664ffec1b2896c05f0", url = "https://github.com/tamasfe/taplo/releases/download/0.10.0/taplo-darwin-aarch64.gz"}
