{
    "name": "recipes",
    "version": "1.0.0",
    "lockfileVersion": 3,
    "requires": true,
    "packages": {
        "": {
            "name": "recipes",
            "version": "1.0.0",
            "license": "MIST",
            "dependencies": {
                "@djot/djot": "^0.3.2"
            }
        },
        "node_modules/@djot/djot": {
            "version": "0.3.2",
            "resolved": "https://registry.npmjs.org/@djot/djot/-/djot-0.3.2.tgz",
            "integrity": "sha512-joMKR24B8rxueyFiJbpZAqEiypjvOyzTxzkhyr0q5mM/sUBaOD3unna/9IxtOotFugViyYlkIRaiXg3xM//zxg==",
            "license": "MIT",
            "bin": {
                "djot": "lib/cli.js"
            },
            "engines": {
                "node": ">=17.0.0"
            }
        }
    }
}
